// !$*UTF8*$!
{
	archiveVersion = 1;
	classes = {
	};
	objectVersion = 51;
	objects = {

/* Begin PBXBuildFile section */
		4F61CE932504D2FE00C10A5F /* MenuViewController.swift in Sources */ = {isa = PBXBuildFile; fileRef = 4F61CE922504D2FD00C10A5F /* MenuViewController.swift */; };
		4F61CE972504D31700C10A5F /* Menu.storyboard in Resources */ = {isa = PBXBuildFile; fileRef = 4F61CE962504D31700C10A5F /* Menu.storyboard */; };
		4FD2D57825032FDD00BA0F29 /* AppDelegate.swift in Sources */ = {isa = PBXBuildFile; fileRef = 4FD2D57725032FDD00BA0F29 /* AppDelegate.swift */; };
		4FD2D57A25032FDD00BA0F29 /* SceneDelegate.swift in Sources */ = {isa = PBXBuildFile; fileRef = 4FD2D57925032FDD00BA0F29 /* SceneDelegate.swift */; };
		4FD2D57C25032FDD00BA0F29 /* ViewController.swift in Sources */ = {isa = PBXBuildFile; fileRef = 4FD2D57B25032FDD00BA0F29 /* ViewController.swift */; };
		4FD2D57F25032FDD00BA0F29 /* Main.storyboard in Resources */ = {isa = PBXBuildFile; fileRef = 4FD2D57D25032FDD00BA0F29 /* Main.storyboard */; };
		4FD2D58125032FDE00BA0F29 /* Assets.xcassets in Resources */ = {isa = PBXBuildFile; fileRef = 4FD2D58025032FDE00BA0F29 /* Assets.xcassets */; };
		4FD2D58425032FDE00BA0F29 /* LaunchScreen.storyboard in Resources */ = {isa = PBXBuildFile; fileRef = 4FD2D58225032FDE00BA0F29 /* LaunchScreen.storyboard */; };
		4FD2D58C2503308400BA0F29 /* SildeMenu.swift in Sources */ = {isa = PBXBuildFile; fileRef = 4FD2D58B2503308400BA0F29 /* SildeMenu.swift */; };
		4FD2D58E2503341A00BA0F29 /* SubMenuViewController.swift in Sources */ = {isa = PBXBuildFile; fileRef = 4FD2D58D2503341A00BA0F29 /* SubMenuViewController.swift */; };
		4FD2D5902503342F00BA0F29 /* SubMenu.storyboard in Resources */ = {isa = PBXBuildFile; fileRef = 4FD2D58F2503342F00BA0F29 /* SubMenu.storyboard */; };
		7441035EC1E173BCB37E20AC /* Pods_SideMenuTest.framework in Frameworks */ = {isa = PBXBuildFile; fileRef = A21C58248D1733F62E675DF6 /* Pods_SideMenuTest.framework */; };
/* End PBXBuildFile section */

/* Begin PBXFileReference section */
		3590F11DF4AB6683DFA37B59 /* Pods-SideMenuTest.release.xcconfig */ = {isa = PBXFileReference; includeInIndex = 1; lastKnownFileType = text.xcconfig; name = "Pods-SideMenuTest.release.xcconfig"; path = "Target Support Files/Pods-SideMenuTest/Pods-SideMenuTest.release.xcconfig"; sourceTree = "<group>"; };
		43544BBB6877FD16B93B9D54 /* Pods-SideMenuTest.debug.xcconfig */ = {isa = PBXFileReference; includeInIndex = 1; lastKnownFileType = text.xcconfig; name = "Pods-SideMenuTest.debug.xcconfig"; path = "Target Support Files/Pods-SideMenuTest/Pods-SideMenuTest.debug.xcconfig"; sourceTree = "<group>"; };
		4F61CE922504D2FD00C10A5F /* MenuViewController.swift */ = {isa = PBXFileReference; lastKnownFileType = sourcecode.swift; path = MenuViewController.swift; sourceTree = "<group>"; };
		4F61CE962504D31700C10A5F /* Menu.storyboard */ = {isa = PBXFileReference; lastKnownFileType = file.storyboard; path = Menu.storyboard; sourceTree = "<group>"; };
		4FD2D57425032FDD00BA0F29 /* SideMenuTest.app */ = {isa = PBXFileReference; explicitFileType = wrapper.application; includeInIndex = 0; path = SideMenuTest.app; sourceTree = BUILT_PRODUCTS_DIR; };
		4FD2D57725032FDD00BA0F29 /* AppDelegate.swift */ = {isa = PBXFileReference; lastKnownFileType = sourcecode.swift; path = AppDelegate.swift; sourceTree = "<group>"; };
		4FD2D57925032FDD00BA0F29 /* SceneDelegate.swift */ = {isa = PBXFileReference; lastKnownFileType = sourcecode.swift; path = SceneDelegate.swift; sourceTree = "<group>"; };
		4FD2D57B25032FDD00BA0F29 /* ViewController.swift */ = {isa = PBXFileReference; lastKnownFileType = sourcecode.swift; path = ViewController.swift; sourceTree = "<group>"; };
		4FD2D57E25032FDD00BA0F29 /* Base */ = {isa = PBXFileReference; lastKnownFileType = file.storyboard; name = Base; path = Base.lproj/Main.storyboard; sourceTree = "<group>"; };
		4FD2D58025032FDE00BA0F29 /* Assets.xcassets */ = {isa = PBXFileReference; lastKnownFileType = folder.assetcatalog; path = Assets.xcassets; sourceTree = "<group>"; };
		4FD2D58325032FDE00BA0F29 /* Base */ = {isa = PBXFileReference; lastKnownFileType = file.storyboard; name = Base; path = Base.lproj/LaunchScreen.storyboard; sourceTree = "<group>"; };
		4FD2D58525032FDE00BA0F29 /* Info.plist */ = {isa = PBXFileReference; lastKnownFileType = text.plist.xml; path = Info.plist; sourceTree = "<group>"; };
		4FD2D58B2503308400BA0F29 /* SildeMenu.swift */ = {isa = PBXFileReference; lastKnownFileType = sourcecode.swift; path = SildeMenu.swift; sourceTree = "<group>"; };
		4FD2D58D2503341A00BA0F29 /* SubMenuViewController.swift */ = {isa = PBXFileReference; lastKnownFileType = sourcecode.swift; path = SubMenuViewController.swift; sourceTree = "<group>"; };
		4FD2D58F2503342F00BA0F29 /* SubMenu.storyboard */ = {isa = PBXFileReference; lastKnownFileType = file.storyboard; path = SubMenu.storyboard; sourceTree = "<group>"; };
		A21C58248D1733F62E675DF6 /* Pods_SideMenuTest.framework */ = {isa = PBXFileReference; explicitFileType = wrapper.framework; includeInIndex = 0; path = Pods_SideMenuTest.framework; sourceTree = BUILT_PRODUCTS_DIR; };
/* End PBXFileReference section */

/* Begin PBXFrameworksBuildPhase section */
		4FD2D57125032FDD00BA0F29 /* Frameworks */ = {
			isa = PBXFrameworksBuildPhase;
			buildActionMask = 2147483647;
			files = (
				7441035EC1E173BCB37E20AC /* Pods_SideMenuTest.framework in Frameworks */,
			);
			runOnlyForDeploymentPostprocessing = 0;
		};
/* End PBXFrameworksBuildPhase section */

/* Begin PBXGroup section */
		0F067903E02C996380686F25 /* Pods */ = {
			isa = PBXGroup;
			children = (
				43544BBB6877FD16B93B9D54 /* Pods-SideMenuTest.debug.xcconfig */,
				3590F11DF4AB6683DFA37B59 /* Pods-SideMenuTest.release.xcconfig */,
			);
			path = Pods;
			sourceTree = "<group>";
		};
		156E4ACCBD946BA587E7EE66 /* Frameworks */ = {
			isa = PBXGroup;
			children = (
				A21C58248D1733F62E675DF6 /* Pods_SideMenuTest.framework */,
			);
			name = Frameworks;
			sourceTree = "<group>";
		};
		4F61CE912504D2DC00C10A5F /* Menu */ = {
			isa = PBXGroup;
			children = (
				4F61CE922504D2FD00C10A5F /* MenuViewController.swift */,
				4F61CE962504D31700C10A5F /* Menu.storyboard */,
			);
			path = Menu;
			sourceTree = "<group>";
		};
		4FD2D56B25032FDD00BA0F29 = {
			isa = PBXGroup;
			children = (
				4FD2D57625032FDD00BA0F29 /* SideMenuTest */,
				4FD2D57525032FDD00BA0F29 /* Products */,
				0F067903E02C996380686F25 /* Pods */,
				156E4ACCBD946BA587E7EE66 /* Frameworks */,
			);
			sourceTree = "<group>";
		};
		4FD2D57525032FDD00BA0F29 /* Products */ = {
			isa = PBXGroup;
			children = (
				4FD2D57425032FDD00BA0F29 /* SideMenuTest.app */,
			);
			name = Products;
			sourceTree = "<group>";
		};
		4FD2D57625032FDD00BA0F29 /* SideMenuTest */ = {
			isa = PBXGroup;
			children = (
				4F61CE912504D2DC00C10A5F /* Menu */,
				4FD2D57725032FDD00BA0F29 /* AppDelegate.swift */,
				4FD2D57925032FDD00BA0F29 /* SceneDelegate.swift */,
				4FD2D57B25032FDD00BA0F29 /* ViewController.swift */,
				4FD2D57D25032FDD00BA0F29 /* Main.storyboard */,
				4FD2D58025032FDE00BA0F29 /* Assets.xcassets */,
				4FD2D58225032FDE00BA0F29 /* LaunchScreen.storyboard */,
				4FD2D58525032FDE00BA0F29 /* Info.plist */,
				4FD2D58B2503308400BA0F29 /* SildeMenu.swift */,
				4FD2D58D2503341A00BA0F29 /* SubMenuViewController.swift */,
				4FD2D58F2503342F00BA0F29 /* SubMenu.storyboard */,
			);
			path = SideMenuTest;
			sourceTree = "<group>";
		};
/* End PBXGroup section */

/* Begin PBXNativeTarget section */
		4FD2D57325032FDD00BA0F29 /* SideMenuTest */ = {
			isa = PBXNativeTarget;
			buildConfigurationList = 4FD2D58825032FDE00BA0F29 /* Build configuration list for PBXNativeTarget "SideMenuTest" */;
			buildPhases = (
				FF1F3EDA1EFD9D5414142FB5 /* [CP] Check Pods Manifest.lock */,
				4FD2D57025032FDD00BA0F29 /* Sources */,
				4FD2D57125032FDD00BA0F29 /* Frameworks */,
				4FD2D57225032FDD00BA0F29 /* Resources */,
				21067F25BA9AC79AA043807F /* [CP] Embed Pods Frameworks */,
			);
			buildRules = (
			);
			dependencies = (
			);
			name = SideMenuTest;
			productName = SideMenuTest;
			productReference = 4FD2D57425032FDD00BA0F29 /* SideMenuTest.app */;
			productType = "com.apple.product-type.application";
		};
/* End PBXNativeTarget section */

/* Begin PBXProject section */
		4FD2D56C25032FDD00BA0F29 /* Project object */ = {
			isa = PBXProject;
			attributes = {
				LastSwiftUpdateCheck = 1160;
				LastUpgradeCheck = 1160;
				ORGANIZATIONNAME = "Trung Le The";
				TargetAttributes = {
					4FD2D57325032FDD00BA0F29 = {
						CreatedOnToolsVersion = 11.6;
					};
				};
			};
			buildConfigurationList = 4FD2D56F25032FDD00BA0F29 /* Build configuration list for PBXProject "SideMenuTest" */;
			compatibilityVersion = "Xcode 9.3";
			developmentRegion = en;
			hasScannedForEncodings = 0;
			knownRegions = (
				en,
				Base,
			);
			mainGroup = 4FD2D56B25032FDD00BA0F29;
			productRefGroup = 4FD2D57525032FDD00BA0F29 /* Products */;
			projectDirPath = "";
			projectRoot = "";
			targets = (
				4FD2D57325032FDD00BA0F29 /* SideMenuTest */,
			);
		};
/* End PBXProject section */

/* Begin PBXResourcesBuildPhase section */
		4FD2D57225032FDD00BA0F29 /* Resources */ = {
			isa = PBXResourcesBuildPhase;
			buildActionMask = 2147483647;
			files = (
				4F61CE972504D31700C10A5F /* Menu.storyboard in Resources */,
				4FD2D5902503342F00BA0F29 /* SubMenu.storyboard in Resources */,
				4FD2D58425032FDE00BA0F29 /* LaunchScreen.storyboard in Resources */,
				4FD2D58125032FDE00BA0F29 /* Assets.xcassets in Resources */,
				4FD2D57F25032FDD00BA0F29 /* Main.storyboard in Resources */,
			);
			runOnlyForDeploymentPostprocessing = 0;
		};
/* End PBXResourcesBuildPhase section */

/* Begin PBXShellScriptBuildPhase section */
		21067F25BA9AC79AA043807F /* [CP] Embed Pods Frameworks */ = {
			isa = PBXShellScriptBuildPhase;
			buildActionMask = 2147483647;
			files = (
			);
			inputFileListPaths = (
				"${PODS_ROOT}/Target Support Files/Pods-SideMenuTest/Pods-SideMenuTest-frameworks-${CONFIGURATION}-input-files.xcfilelist",
			);
			name = "[CP] Embed Pods Frameworks";
			outputFileListPaths = (
				"${PODS_ROOT}/Target Support Files/Pods-SideMenuTest/Pods-SideMenuTest-frameworks-${CONFIGURATION}-output-files.xcfilelist",
			);
			runOnlyForDeploymentPostprocessing = 0;
			shellPath = /bin/sh;
			shellScript = "\"${PODS_ROOT}/Target Support Files/Pods-SideMenuTest/Pods-SideMenuTest-frameworks.sh\"\n";
			showEnvVarsInLog = 0;
		};
		FF1F3EDA1EFD9D5414142FB5 /* [CP] Check Pods Manifest.lock */ = {
			isa = PBXShellScriptBuildPhase;
			buildActionMask = 2147483647;
			files = (
			);
			inputFileListPaths = (
			);
			inputPaths = (
				"${PODS_PODFILE_DIR_PATH}/Podfile.lock",
				"${PODS_ROOT}/Manifest.lock",
			);
			name = "[CP] Check Pods Manifest.lock";
			outputFileListPaths = (
			);
			outputPaths = (
				"$(DERIVED_FILE_DIR)/Pods-SideMenuTest-checkManifestLockResult.txt",
			);
			runOnlyForDeploymentPostprocessing = 0;
			shellPath = /bin/sh;
			shellScript = "diff \"${PODS_PODFILE_DIR_PATH}/Podfile.lock\" \"${PODS_ROOT}/Manifest.lock\" > /dev/null\nif [ $? != 0 ] ; then\n    # print error to STDERR\n    echo \"error: The sandbox is not in sync with the Podfile.lock. Run 'pod install' or update your CocoaPods installation.\" >&2\n    exit 1\nfi\n# This output is used by Xcode 'outputs' to avoid re-running this script phase.\necho \"SUCCESS\" > \"${SCRIPT_OUTPUT_FILE_0}\"\n";
			showEnvVarsInLog = 0;
		};
/* End PBXShellScriptBuildPhase section */

/* Begin PBXSourcesBuildPhase section */
		4FD2D57025032FDD00BA0F29 /* Sources */ = {
			isa = PBXSourcesBuildPhase;
			buildActionMask = 2147483647;
			files = (
				4FD2D58C2503308400BA0F29 /* SildeMenu.swift in Sources */,
				4F61CE932504D2FE00C10A5F /* MenuViewController.swift in Sources */,
				4FD2D57C25032FDD00BA0F29 /* ViewController.swift in Sources */,
				4FD2D57825032FDD00BA0F29 /* AppDelegate.swift in Sources */,
				4FD2D57A25032FDD00BA0F29 /* SceneDelegate.swift in Sources */,
				4FD2D58E2503341A00BA0F29 /* SubMenuViewController.swift in Sources */,
			);
			runOnlyForDeploymentPostprocessing = 0;
		};
/* End PBXSourcesBuildPhase section */

/* Begin PBXVariantGroup section */
		4FD2D57D25032FDD00BA0F29 /* Main.storyboard */ = {
			isa = PBXVariantGroup;
			children = (
				4FD2D57E25032FDD00BA0F29 /* Base */,
			);
			name = Main.storyboard;
			sourceTree = "<group>";
		};
		4FD2D58225032FDE00BA0F29 /* LaunchScreen.storyboard */ = {
			isa = PBXVariantGroup;
			children = (
				4FD2D58325032FDE00BA0F29 /* Base */,
			);
			name = LaunchScreen.storyboard;
			sourceTree = "<group>";
		};
/* End PBXVariantGroup section */

/* Begin XCBuildConfiguration section */
		4FD2D58625032FDE00BA0F29 /* Debug */ = {
			isa = XCBuildConfiguration;
			buildSettings = {
				ALWAYS_SEARCH_USER_PATHS = NO;
				CLANG_ANALYZER_NONNULL = YES;
				CLANG_ANALYZER_NUMBER_OBJECT_CONVERSION = YES_AGGRESSIVE;
				CLANG_CXX_LANGUAGE_STANDARD = "gnu++14";
				CLANG_CXX_LIBRARY = "libc++";
				CLANG_ENABLE_MODULES = YES;
				CLANG_ENABLE_OBJC_ARC = YES;
				CLANG_ENABLE_OBJC_WEAK = YES;
				CLANG_WARN_BLOCK_CAPTURE_AUTORELEASING = YES;
				CLANG_WARN_BOOL_CONVERSION = YES;
				CLANG_WARN_COMMA = YES;
				CLANG_WARN_CONSTANT_CONVERSION = YES;
				CLANG_WARN_DEPRECATED_OBJC_IMPLEMENTATIONS = YES;
				CLANG_WARN_DIRECT_OBJC_ISA_USAGE = YES_ERROR;
				CLANG_WARN_DOCUMENTATION_COMMENTS = YES;
				CLANG_WARN_EMPTY_BODY = YES;
				CLANG_WARN_ENUM_CONVERSION = YES;
				CLANG_WARN_INFINITE_RECURSION = YES;
				CLANG_WARN_INT_CONVERSION = YES;
				CLANG_WARN_NON_LITERAL_NULL_CONVERSION = YES;
				CLANG_WARN_OBJC_IMPLICIT_RETAIN_SELF = YES;
				CLANG_WARN_OBJC_LITERAL_CONVERSION = YES;
				CLANG_WARN_OBJC_ROOT_CLASS = YES_ERROR;
				CLANG_WARN_RANGE_LOOP_ANALYSIS = YES;
				CLANG_WARN_STRICT_PROTOTYPES = YES;
				CLANG_WARN_SUSPICIOUS_MOVE = YES;
				CLANG_WARN_UNGUARDED_AVAILABILITY = YES_AGGRESSIVE;
				CLANG_WARN_UNREACHABLE_CODE = YES;
				CLANG_WARN__DUPLICATE_METHOD_MATCH = YES;
				COPY_PHASE_STRIP = NO;
				DEBUG_INFORMATION_FORMAT = dwarf;
				ENABLE_STRICT_OBJC_MSGSEND = YES;
				ENABLE_TESTABILITY = YES;
				GCC_C_LANGUAGE_STANDARD = gnu11;
				GCC_DYNAMIC_NO_PIC = NO;
				GCC_NO_COMMON_BLOCKS = YES;
				GCC_OPTIMIZATION_LEVEL = 0;
				GCC_PREPROCESSOR_DEFINITIONS = (
					"DEBUG=1",
					"$(inherited)",
				);
				GCC_WARN_64_TO_32_BIT_CONVERSION = YES;
				GCC_WARN_ABOUT_RETURN_TYPE = YES_ERROR;
				GCC_WARN_UNDECLARED_SELECTOR = YES;
				GCC_WARN_UNINITIALIZED_AUTOS = YES_AGGRESSIVE;
				GCC_WARN_UNUSED_FUNCTION = YES;
				GCC_WARN_UNUSED_VARIABLE = YES;
				IPHONEOS_DEPLOYMENT_TARGET = 13.6;
				MTL_ENABLE_DEBUG_INFO = INCLUDE_SOURCE;
				MTL_FAST_MATH = YES;
				ONLY_ACTIVE_ARCH = YES;
				SDKROOT = iphoneos;
				SWIFT_ACTIVE_COMPILATION_CONDITIONS = DEBUG;
				SWIFT_OPTIMIZATION_LEVEL = "-Onone";
			};
			name = Debug;
		};
		4FD2D58725032FDE00BA0F29 /* Release */ = {
			isa = XCBuildConfiguration;
			buildSettings = {
				ALWAYS_SEARCH_USER_PATHS = NO;
				CLANG_ANALYZER_NONNULL = YES;
				CLANG_ANALYZER_NUMBER_OBJECT_CONVERSION = YES_AGGRESSIVE;
				CLANG_CXX_LANGUAGE_STANDARD = "gnu++14";
				CLANG_CXX_LIBRARY = "libc++";
				CLANG_ENABLE_MODULES = YES;
				CLANG_ENABLE_OBJC_ARC = YES;
				CLANG_ENABLE_OBJC_WEAK = YES;
				CLANG_WARN_BLOCK_CAPTURE_AUTORELEASING = YES;
				CLANG_WARN_BOOL_CONVERSION = YES;
				CLANG_WARN_COMMA = YES;
				CLANG_WARN_CONSTANT_CONVERSION = YES;
				CLANG_WARN_DEPRECATED_OBJC_IMPLEMENTATIONS = YES;
				CLANG_WARN_DIRECT_OBJC_ISA_USAGE = YES_ERROR;
				CLANG_WARN_DOCUMENTATION_COMMENTS = YES;
				CLANG_WARN_EMPTY_BODY = YES;
				CLANG_WARN_ENUM_CONVERSION = YES;
				CLANG_WARN_INFINITE_RECURSION = YES;
				CLANG_WARN_INT_CONVERSION = YES;
				CLANG_WARN_NON_LITERAL_NULL_CONVERSION = YES;
				CLANG_WARN_OBJC_IMPLICIT_RETAIN_SELF = YES;
				CLANG_WARN_OBJC_LITERAL_CONVERSION = YES;
				CLANG_WARN_OBJC_ROOT_CLASS = YES_ERROR;
				CLANG_WARN_RANGE_LOOP_ANALYSIS = YES;
				CLANG_WARN_STRICT_PROTOTYPES = YES;
				CLANG_WARN_SUSPICIOUS_MOVE = YES;
				CLANG_WARN_UNGUARDED_AVAILABILITY = YES_AGGRESSIVE;
				CLANG_WARN_UNREACHABLE_CODE = YES;
				CLANG_WARN__DUPLICATE_METHOD_MATCH = YES;
				COPY_PHASE_STRIP = NO;
				DEBUG_INFORMATION_FORMAT = "dwarf-with-dsym";
				ENABLE_NS_ASSERTIONS = NO;
				ENABLE_STRICT_OBJC_MSGSEND = YES;
				GCC_C_LANGUAGE_STANDARD = gnu11;
				GCC_NO_COMMON_BLOCKS = YES;
				GCC_WARN_64_TO_32_BIT_CONVERSION = YES;
				GCC_WARN_ABOUT_RETURN_TYPE = YES_ERROR;
				GCC_WARN_UNDECLARED_SELECTOR = YES;
				GCC_WARN_UNINITIALIZED_AUTOS = YES_AGGRESSIVE;
				GCC_WARN_UNUSED_FUNCTION = YES;
				GCC_WARN_UNUSED_VARIABLE = YES;
				IPHONEOS_DEPLOYMENT_TARGET = 13.6;
				MTL_ENABLE_DEBUG_INFO = NO;
				MTL_FAST_MATH = YES;
				SDKROOT = iphoneos;
				SWIFT_COMPILATION_MODE = wholemodule;
				SWIFT_OPTIMIZATION_LEVEL = "-O";
				VALIDATE_PRODUCT = YES;
			};
			name = Release;
		};
		4FD2D58925032FDE00BA0F29 /* Debug */ = {
			isa = XCBuildConfiguration;
			baseConfigurationReference = 43544BBB6877FD16B93B9D54 /* Pods-SideMenuTest.debug.xcconfig */;
			buildSettings = {
				ASSETCATALOG_COMPILER_APPICON_NAME = AppIcon;
				CODE_SIGN_STYLE = Automatic;
				DEVELOPMENT_TEAM = CY3H774RHW;
				INFOPLIST_FILE = SideMenuTest/Info.plist;
				LD_RUNPATH_SEARCH_PATHS = (
					"$(inherited)",
					"@executable_path/Frameworks",
				);
				PRODUCT_BUNDLE_IDENTIFIER = com.teo.SideMenuTest;
				PRODUCT_NAME = "$(TARGET_NAME)";
				SWIFT_VERSION = 5.0;
				TARGETED_DEVICE_FAMILY = "1,2";
			};
			name = Debug;
		};
		4FD2D58A25032FDE00BA0F29 /* Release */ = {
			isa = XCBuildConfiguration;
			baseConfigurationReference = 3590F11DF4AB6683DFA37B59 /* Pods-SideMenuTest.release.xcconfig */;
			buildSettings = {
				ASSETCATALOG_COMPILER_APPICON_NAME = AppIcon;
				CODE_SIGN_STYLE = Automatic;
				DEVELOPMENT_TEAM = CY3H774RHW;
				INFOPLIST_FILE = SideMenuTest/Info.plist;
				LD_RUNPATH_SEARCH_PATHS = (
					"$(inherited)",
					"@executable_path/Frameworks",
				);
				PRODUCT_BUNDLE_IDENTIFIER = com.teo.SideMenuTest;
				PRODUCT_NAME = "$(TARGET_NAME)";
				SWIFT_VERSION = 5.0;
				TARGETED_DEVICE_FAMILY = "1,2";
			};
			name = Release;
		};
/* End XCBuildConfiguration section */

/* Begin XCConfigurationList section */
		4FD2D56F25032FDD00BA0F29 /* Build configuration list for PBXProject "SideMenuTest" */ = {
			isa = XCConfigurationList;
			buildConfigurations = (
				4FD2D58625032FDE00BA0F29 /* Debug */,
				4FD2D58725032FDE00BA0F29 /* Release */,
			);
			defaultConfigurationIsVisible = 0;
			defaultConfigurationName = Release;
		};
		4FD2D58825032FDE00BA0F29 /* Build configuration list for PBXNativeTarget "SideMenuTest" */ = {
			isa = XCConfigurationList;
			buildConfigurations = (
				4FD2D58925032FDE00BA0F29 /* Debug */,
				4FD2D58A25032FDE00BA0F29 /* Release */,
			);
			defaultConfigurationIsVisible = 0;
			defaultConfigurationName = Release;
		};
/* End XCConfigurationList section */
	};
	rootObject = 4FD2D56C25032FDD00BA0F29 /* Project object */;
}
